
Microsoft Visual Studio Solution File, Format Version 12.00
# Visual Studio Version 17
VisualStudioVersion = 17.6.33723.286
MinimumVisualStudioVersion = 10.0.40219.1
Project("{9A19103F-16F7-4668-BE54-9A1E7A4F7556}") = "ExpenseSharingBackend", "ExpenseSharingBackend\ExpenseSharingBackend.csproj", "{AB0E8B83-EAC9-43D8-97BB-22091D061DF1}"
EndProject
Project("{FAE04EC0-301F-11D3-BF4B-00C04F79EFBC}") = "ExpenseSharingBackend.Test", "ExpenseSharingBackend.Test\ExpenseSharingBackend.Test.csproj", "{7B547DED-A4CA-4191-8C41-336A2DD44B83}"
EndProject
Global
	GlobalSection(SolutionConfigurationPlatforms) = preSolution
		Debug|Any CPU = Debug|Any CPU
		Release|Any CPU = Release|Any CPU
	EndGlobalSection
	GlobalSection(ProjectConfigurationPlatforms) = postSolution
		{AB0E8B83-EAC9-43D8-97BB-22091D061DF1}.Debug|Any CPU.ActiveCfg = Debug|Any CPU
		{AB0E8B83-EAC9-43D8-97BB-22091D061DF1}.Debug|Any CPU.Build.0 = Debug|Any CPU
		{AB0E8B83-EAC9-43D8-97BB-22091D061DF1}.Release|Any CPU.ActiveCfg = Release|Any CPU
		{AB0E8B83-EAC9-43D8-97BB-22091D061DF1}.Release|Any CPU.Build.0 = Release|Any CPU
		{7B547DED-A4CA-4191-8C41-336A2DD44B83}.Debug|Any CPU.ActiveCfg = Debug|Any CPU
		{7B547DED-A4CA-4191-8C41-336A2DD44B83}.Debug|Any CPU.Build.0 = Debug|Any CPU
		{7B547DED-A4CA-4191-8C41-336A2DD44B83}.Release|Any CPU.ActiveCfg = Release|Any CPU
		{7B547DED-A4CA-4191-8C41-336A2DD44B83}.Release|Any CPU.Build.0 = Release|Any CPU
	EndGlobalSection
	GlobalSection(SolutionProperties) = preSolution
		HideSolutionNode = FALSE
	EndGlobalSection
	GlobalSection(ExtensibilityGlobals) = postSolution
		SolutionGuid = {7D8AAFBD-6127-4A61-9ADF-09EF517C7894}
	EndGlobalSection
EndGlobal
